
Microsoft Visual Studio Solution File, Format Version 12.00
# Visual Studio Version 17
VisualStudioVersion = 17.8.34330.188
MinimumVisualStudioVersion = 10.0.40219.1
Project("{FAE04EC0-301F-11D3-BF4B-00C04F79EFBC}") = "studentInfomation", "studentInfomation.csproj", "{8B1EA30F-FCD9-4949-8EB4-3BAB0B163D1F}"
EndProject
Global
	GlobalSection(SolutionConfigurationPlatforms) = preSolution
		Debug|Any CPU = Debug|Any CPU
		Release|Any CPU = Release|Any CPU
	EndGlobalSection
	GlobalSection(ProjectConfigurationPlatforms) = postSolution
		{8B1EA30F-FCD9-4949-8EB4-3BAB0B163D1F}.Debug|Any CPU.ActiveCfg = Debug|Any CPU
		{8B1EA30F-FCD9-4949-8EB4-3BAB0B163D1F}.Debug|Any CPU.Build.0 = Debug|Any CPU
		{8B1EA30F-FCD9-4949-8EB4-3BAB0B163D1F}.Release|Any CPU.ActiveCfg = Release|Any CPU
		{8B1EA30F-FCD9-4949-8EB4-3BAB0B163D1F}.Release|Any CPU.Build.0 = Release|Any CPU
	EndGlobalSection
	GlobalSection(SolutionProperties) = preSolution
		HideSolutionNode = FALSE
	EndGlobalSection
	GlobalSection(ExtensibilityGlobals) = postSolution
		SolutionGuid = {DF115983-C455-40CD-8EEF-288D26FB3C01}
	EndGlobalSection
EndGlobal
